
Microsoft Visual Studio Solution File, Format Version 12.00
# Visual Studio Version 16
VisualStudioVersion = 16.0.30621.155
MinimumVisualStudioVersion = 10.0.40219.1
Project("{9A19103F-16F7-4668-BE54-9A1E7A4F7556}") = "Geekium", "Geekium\Geekium.csproj", "{FB648AAB-9146-45C5-BF84-CFE7528E3FB7}"
EndProject
Project("{FAE04EC0-301F-11D3-BF4B-00C04F79EFBC}") = "XUnitTestGeekium", "XUnitTestGeekium\XUnitTestGeekium.csproj", "{9E844427-B97B-4104-BFE5-94C703C65A1F}"
EndProject
Global
	GlobalSection(SolutionConfigurationPlatforms) = preSolution
		Debug|Any CPU = Debug|Any CPU
		Release|Any CPU = Release|Any CPU
	EndGlobalSection
	GlobalSection(ProjectConfigurationPlatforms) = postSolution
		{FB648AAB-9146-45C5-BF84-CFE7528E3FB7}.Debug|Any CPU.ActiveCfg = Debug|Any CPU
		{FB648AAB-9146-45C5-BF84-CFE7528E3FB7}.Debug|Any CPU.Build.0 = Debug|Any CPU
		{FB648AAB-9146-45C5-BF84-CFE7528E3FB7}.Release|Any CPU.ActiveCfg = Release|Any CPU
		{FB648AAB-9146-45C5-BF84-CFE7528E3FB7}.Release|Any CPU.Build.0 = Release|Any CPU
		{9E844427-B97B-4104-BFE5-94C703C65A1F}.Debug|Any CPU.ActiveCfg = Debug|Any CPU
		{9E844427-B97B-4104-BFE5-94C703C65A1F}.Debug|Any CPU.Build.0 = Debug|Any CPU
		{9E844427-B97B-4104-BFE5-94C703C65A1F}.Release|Any CPU.ActiveCfg = Release|Any CPU
		{9E844427-B97B-4104-BFE5-94C703C65A1F}.Release|Any CPU.Build.0 = Release|Any CPU
	EndGlobalSection
	GlobalSection(SolutionProperties) = preSolution
		HideSolutionNode = FALSE
	EndGlobalSection
	GlobalSection(ExtensibilityGlobals) = postSolution
		SolutionGuid = {F6D57F3B-0979-42D6-8C0C-BE41D9356A7A}
	EndGlobalSection
EndGlobal
